
Microsoft Visual Studio Solution File, Format Version 12.00
# Visual Studio Version 17
VisualStudioVersion = 17.0.32126.317
MinimumVisualStudioVersion = 10.0.40219.1
Project("{FAE04EC0-301F-11D3-BF4B-00C04F79EFBC}") = "paint", "paint\paint.csproj", "{4F00909C-7E5A-4121-9926-F5F272414EA7}"
EndProject
Global
	GlobalSection(SolutionConfigurationPlatforms) = preSolution
		Debug|Any CPU = Debug|Any CPU
		Release|Any CPU = Release|Any CPU
	EndGlobalSection
	GlobalSection(ProjectConfigurationPlatforms) = postSolution
		{4F00909C-7E5A-4121-9926-F5F272414EA7}.Debug|Any CPU.ActiveCfg = Debug|Any CPU
		{4F00909C-7E5A-4121-9926-F5F272414EA7}.Debug|Any CPU.Build.0 = Debug|Any CPU
		{4F00909C-7E5A-4121-9926-F5F272414EA7}.Release|Any CPU.ActiveCfg = Release|Any CPU
		{4F00909C-7E5A-4121-9926-F5F272414EA7}.Release|Any CPU.Build.0 = Release|Any CPU
	EndGlobalSection
	GlobalSection(SolutionProperties) = preSolution
		HideSolutionNode = FALSE
	EndGlobalSection
	GlobalSection(ExtensibilityGlobals) = postSolution
		SolutionGuid = {B80AE232-0E05-4D0A-8277-D59D5AC3C86A}
	EndGlobalSection
EndGlobal
