
Microsoft Visual Studio Solution File, Format Version 12.00
# Visual Studio Version 17
VisualStudioVersion = 17.4.33213.308
MinimumVisualStudioVersion = 10.0.40219.1
Project("{FAE04EC0-301F-11D3-BF4B-00C04F79EFBC}") = "Laab1", "Laab1\Laab1.csproj", "{F4E63073-4E84-4613-823F-CCA2722A08A2}"
EndProject
Global
	GlobalSection(SolutionConfigurationPlatforms) = preSolution
		Debug|Any CPU = Debug|Any CPU
		Release|Any CPU = Release|Any CPU
	EndGlobalSection
	GlobalSection(ProjectConfigurationPlatforms) = postSolution
		{F4E63073-4E84-4613-823F-CCA2722A08A2}.Debug|Any CPU.ActiveCfg = Debug|Any CPU
		{F4E63073-4E84-4613-823F-CCA2722A08A2}.Debug|Any CPU.Build.0 = Debug|Any CPU
		{F4E63073-4E84-4613-823F-CCA2722A08A2}.Release|Any CPU.ActiveCfg = Release|Any CPU
		{F4E63073-4E84-4613-823F-CCA2722A08A2}.Release|Any CPU.Build.0 = Release|Any CPU
	EndGlobalSection
	GlobalSection(SolutionProperties) = preSolution
		HideSolutionNode = FALSE
	EndGlobalSection
	GlobalSection(ExtensibilityGlobals) = postSolution
		SolutionGuid = {14902398-511B-4C89-ADBE-61C9C14F8BB7}
	EndGlobalSection
EndGlobal
